// !$*UTF8*$!
{
	archiveVersion = 1;
	classes = {
	};
	objectVersion = 50;
	objects = {

/* Begin PBXBuildFile section */
		33052B8F237A805900A3541B /* AppDelegate.swift in Sources */ = {isa = PBXBuildFile; fileRef = 33052B8E237A805900A3541B /* AppDelegate.swift */; };
		33052B91237A805900A3541B /* SceneDelegate.swift in Sources */ = {isa = PBXBuildFile; fileRef = 33052B90237A805900A3541B /* SceneDelegate.swift */; };
		33052B93237A805900A3541B /* ContentView.swift in Sources */ = {isa = PBXBuildFile; fileRef = 33052B92237A805900A3541B /* ContentView.swift */; };
		33052B95237A805A00A3541B /* Assets.xcassets in Resources */ = {isa = PBXBuildFile; fileRef = 33052B94237A805A00A3541B /* Assets.xcassets */; };
		33052B98237A805A00A3541B /* Preview Assets.xcassets in Resources */ = {isa = PBXBuildFile; fileRef = 33052B97237A805A00A3541B /* Preview Assets.xcassets */; };
		33052B9B237A805A00A3541B /* LaunchScreen.storyboard in Resources */ = {isa = PBXBuildFile; fileRef = 33052B99237A805A00A3541B /* LaunchScreen.storyboard */; };
		335A6BBD237AA02700F51BDB /* BackSplash.swift in Sources */ = {isa = PBXBuildFile; fileRef = 335A6BBC237AA02700F51BDB /* BackSplash.swift */; };
		335A6BBF237AA31F00F51BDB /* TopView.swift in Sources */ = {isa = PBXBuildFile; fileRef = 335A6BBE237AA31F00F51BDB /* TopView.swift */; };
		335A6BC1237AB33700F51BDB /* TopCard.swift in Sources */ = {isa = PBXBuildFile; fileRef = 335A6BC0237AB33700F51BDB /* TopCard.swift */; };
/* End PBXBuildFile section */

/* Begin PBXFileReference section */
		33052B8B237A805900A3541B /* SwiftUI_StarBux.app */ = {isa = PBXFileReference; explicitFileType = wrapper.application; includeInIndex = 0; path = SwiftUI_StarBux.app; sourceTree = BUILT_PRODUCTS_DIR; };
		33052B8E237A805900A3541B /* AppDelegate.swift */ = {isa = PBXFileReference; lastKnownFileType = sourcecode.swift; path = AppDelegate.swift; sourceTree = "<group>"; };
		33052B90237A805900A3541B /* SceneDelegate.swift */ = {isa = PBXFileReference; lastKnownFileType = sourcecode.swift; path = SceneDelegate.swift; sourceTree = "<group>"; };
		33052B92237A805900A3541B /* ContentView.swift */ = {isa = PBXFileReference; lastKnownFileType = sourcecode.swift; path = ContentView.swift; sourceTree = "<group>"; };
		33052B94237A805A00A3541B /* Assets.xcassets */ = {isa = PBXFileReference; lastKnownFileType = folder.assetcatalog; path = Assets.xcassets; sourceTree = "<group>"; };
		33052B97237A805A00A3541B /* Preview Assets.xcassets */ = {isa = PBXFileReference; lastKnownFileType = folder.assetcatalog; path = "Preview Assets.xcassets"; sourceTree = "<group>"; };
		33052B9A237A805A00A3541B /* Base */ = {isa = PBXFileReference; lastKnownFileType = file.storyboard; name = Base; path = Base.lproj/LaunchScreen.storyboard; sourceTree = "<group>"; };
		33052B9C237A805A00A3541B /* Info.plist */ = {isa = PBXFileReference; lastKnownFileType = text.plist.xml; path = Info.plist; sourceTree = "<group>"; };
		335A6BBC237AA02700F51BDB /* BackSplash.swift */ = {isa = PBXFileReference; lastKnownFileType = sourcecode.swift; path = BackSplash.swift; sourceTree = "<group>"; };
		335A6BBE237AA31F00F51BDB /* TopView.swift */ = {isa = PBXFileReference; lastKnownFileType = sourcecode.swift; path = TopView.swift; sourceTree = "<group>"; };
		335A6BC0237AB33700F51BDB /* TopCard.swift */ = {isa = PBXFileReference; lastKnownFileType = sourcecode.swift; path = TopCard.swift; sourceTree = "<group>"; };
/* End PBXFileReference section */

/* Begin PBXFrameworksBuildPhase section */
		33052B88237A805900A3541B /* Frameworks */ = {
			isa = PBXFrameworksBuildPhase;
			buildActionMask = 2147483647;
			files = (
			);
			runOnlyForDeploymentPostprocessing = 0;
		};
/* End PBXFrameworksBuildPhase section */

/* Begin PBXGroup section */
		33052B82237A805900A3541B = {
			isa = PBXGroup;
			children = (
				33052B8D237A805900A3541B /* SwiftUI_StarBux */,
				33052B8C237A805900A3541B /* Products */,
			);
			sourceTree = "<group>";
		};
		33052B8C237A805900A3541B /* Products */ = {
			isa = PBXGroup;
			children = (
				33052B8B237A805900A3541B /* SwiftUI_StarBux.app */,
			);
			name = Products;
			sourceTree = "<group>";
		};
		33052B8D237A805900A3541B /* SwiftUI_StarBux */ = {
			isa = PBXGroup;
			children = (
				335A6BBB237A9FFA00F51BDB /* Views */,
				33052B8E237A805900A3541B /* AppDelegate.swift */,
				335A6BBA237A9FCC00F51BDB /* Models */,
				33052B90237A805900A3541B /* SceneDelegate.swift */,
				33052B92237A805900A3541B /* ContentView.swift */,
				33052B94237A805A00A3541B /* Assets.xcassets */,
				33052B99237A805A00A3541B /* LaunchScreen.storyboard */,
				33052B9C237A805A00A3541B /* Info.plist */,
				33052B96237A805A00A3541B /* Preview Content */,
			);
			path = SwiftUI_StarBux;
			sourceTree = "<group>";
		};
		33052B96237A805A00A3541B /* Preview Content */ = {
			isa = PBXGroup;
			children = (
				33052B97237A805A00A3541B /* Preview Assets.xcassets */,
			);
			path = "Preview Content";
			sourceTree = "<group>";
		};
		335A6BBA237A9FCC00F51BDB /* Models */ = {
			isa = PBXGroup;
			children = (
			);
			path = Models;
			sourceTree = "<group>";
		};
		335A6BBB237A9FFA00F51BDB /* Views */ = {
			isa = PBXGroup;
			children = (
				335A6BBC237AA02700F51BDB /* BackSplash.swift */,
				335A6BBE237AA31F00F51BDB /* TopView.swift */,
				335A6BC0237AB33700F51BDB /* TopCard.swift */,
			);
			name = Views;
			sourceTree = "<group>";
		};
/* End PBXGroup section */

/* Begin PBXNativeTarget section */
		33052B8A237A805900A3541B /* SwiftUI_StarBux */ = {
			isa = PBXNativeTarget;
			buildConfigurationList = 33052B9F237A805A00A3541B /* Build configuration list for PBXNativeTarget "SwiftUI_StarBux" */;
			buildPhases = (
				33052B87237A805900A3541B /* Sources */,
				33052B88237A805900A3541B /* Frameworks */,
				33052B89237A805900A3541B /* Resources */,
			);
			buildRules = (
			);
			dependencies = (
			);
			name = SwiftUI_StarBux;
			productName = SwiftUI_StarBux;
			productReference = 33052B8B237A805900A3541B /* SwiftUI_StarBux.app */;
			productType = "com.apple.product-type.application";
		};
/* End PBXNativeTarget section */

/* Begin PBXProject section */
		33052B83237A805900A3541B /* Project object */ = {
			isa = PBXProject;
			attributes = {
				LastSwiftUpdateCheck = 1120;
				LastUpgradeCheck = 1120;
				ORGANIZATIONNAME = "양팀장(iMac)";
				TargetAttributes = {
					33052B8A237A805900A3541B = {
						CreatedOnToolsVersion = 11.2;
					};
				};
			};
			buildConfigurationList = 33052B86237A805900A3541B /* Build configuration list for PBXProject "SwiftUI_StarBux" */;
			compatibilityVersion = "Xcode 9.3";
			developmentRegion = en;
			hasScannedForEncodings = 0;
			knownRegions = (
				en,
				Base,
			);
			mainGroup = 33052B82237A805900A3541B;
			productRefGroup = 33052B8C237A805900A3541B /* Products */;
			projectDirPath = "";
			projectRoot = "";
			targets = (
				33052B8A237A805900A3541B /* SwiftUI_StarBux */,
			);
		};
/* End PBXProject section */

/* Begin PBXResourcesBuildPhase section */
		33052B89237A805900A3541B /* Resources */ = {
			isa = PBXResourcesBuildPhase;
			buildActionMask = 2147483647;
			files = (
				33052B9B237A805A00A3541B /* LaunchScreen.storyboard in Resources */,
				33052B98237A805A00A3541B /* Preview Assets.xcassets in Resources */,
				33052B95237A805A00A3541B /* Assets.xcassets in Resources */,
			);
			runOnlyForDeploymentPostprocessing = 0;
		};
/* End PBXResourcesBuildPhase section */

/* Begin PBXSourcesBuildPhase section */
		33052B87237A805900A3541B /* Sources */ = {
			isa = PBXSourcesBuildPhase;
			buildActionMask = 2147483647;
			files = (
				33052B8F237A805900A3541B /* AppDelegate.swift in Sources */,
				335A6BBF237AA31F00F51BDB /* TopView.swift in Sources */,
				33052B91237A805900A3541B /* SceneDelegate.swift in Sources */,
				335A6BC1237AB33700F51BDB /* TopCard.swift in Sources */,
				33052B93237A805900A3541B /* ContentView.swift in Sources */,
				335A6BBD237AA02700F51BDB /* BackSplash.swift in Sources */,
			);
			runOnlyForDeploymentPostprocessing = 0;
		};
/* End PBXSourcesBuildPhase section */

/* Begin PBXVariantGroup section */
		33052B99237A805A00A3541B /* LaunchScreen.storyboard */ = {
			isa = PBXVariantGroup;
			children = (
				33052B9A237A805A00A3541B /* Base */,
			);
			name = LaunchScreen.storyboard;
			sourceTree = "<group>";
		};
/* End PBXVariantGroup section */

/* Begin XCBuildConfiguration section */
		33052B9D237A805A00A3541B /* Debug */ = {
			isa = XCBuildConfiguration;
			buildSettings = {
				ALWAYS_SEARCH_USER_PATHS = NO;
				CLANG_ANALYZER_NONNULL = YES;
				CLANG_ANALYZER_NUMBER_OBJECT_CONVERSION = YES_AGGRESSIVE;
				CLANG_CXX_LANGUAGE_STANDARD = "gnu++14";
				CLANG_CXX_LIBRARY = "libc++";
				CLANG_ENABLE_MODULES = YES;
				CLANG_ENABLE_OBJC_ARC = YES;
				CLANG_ENABLE_OBJC_WEAK = YES;
				CLANG_WARN_BLOCK_CAPTURE_AUTORELEASING = YES;
				CLANG_WARN_BOOL_CONVERSION = YES;
				CLANG_WARN_COMMA = YES;
				CLANG_WARN_CONSTANT_CONVERSION = YES;
				CLANG_WARN_DEPRECATED_OBJC_IMPLEMENTATIONS = YES;
				CLANG_WARN_DIRECT_OBJC_ISA_USAGE = YES_ERROR;
				CLANG_WARN_DOCUMENTATION_COMMENTS = YES;
				CLANG_WARN_EMPTY_BODY = YES;
				CLANG_WARN_ENUM_CONVERSION = YES;
				CLANG_WARN_INFINITE_RECURSION = YES;
				CLANG_WARN_INT_CONVERSION = YES;
				CLANG_WARN_NON_LITERAL_NULL_CONVERSION = YES;
				CLANG_WARN_OBJC_IMPLICIT_RETAIN_SELF = YES;
				CLANG_WARN_OBJC_LITERAL_CONVERSION = YES;
				CLANG_WARN_OBJC_ROOT_CLASS = YES_ERROR;
				CLANG_WARN_RANGE_LOOP_ANALYSIS = YES;
				CLANG_WARN_STRICT_PROTOTYPES = YES;
				CLANG_WARN_SUSPICIOUS_MOVE = YES;
				CLANG_WARN_UNGUARDED_AVAILABILITY = YES_AGGRESSIVE;
				CLANG_WARN_UNREACHABLE_CODE = YES;
				CLANG_WARN__DUPLICATE_METHOD_MATCH = YES;
				COPY_PHASE_STRIP = NO;
				DEBUG_INFORMATION_FORMAT = dwarf;
				ENABLE_STRICT_OBJC_MSGSEND = YES;
				ENABLE_TESTABILITY = YES;
				GCC_C_LANGUAGE_STANDARD = gnu11;
				GCC_DYNAMIC_NO_PIC = NO;
				GCC_NO_COMMON_BLOCKS = YES;
				GCC_OPTIMIZATION_LEVEL = 0;
				GCC_PREPROCESSOR_DEFINITIONS = (
					"DEBUG=1",
					"$(inherited)",
				);
				GCC_WARN_64_TO_32_BIT_CONVERSION = YES;
				GCC_WARN_ABOUT_RETURN_TYPE = YES_ERROR;
				GCC_WARN_UNDECLARED_SELECTOR = YES;
				GCC_WARN_UNINITIALIZED_AUTOS = YES_AGGRESSIVE;
				GCC_WARN_UNUSED_FUNCTION = YES;
				GCC_WARN_UNUSED_VARIABLE = YES;
				IPHONEOS_DEPLOYMENT_TARGET = 13.2;
				MTL_ENABLE_DEBUG_INFO = INCLUDE_SOURCE;
				MTL_FAST_MATH = YES;
				ONLY_ACTIVE_ARCH = YES;
				SDKROOT = iphoneos;
				SWIFT_ACTIVE_COMPILATION_CONDITIONS = DEBUG;
				SWIFT_OPTIMIZATION_LEVEL = "-Onone";
			};
			name = Debug;
		};
		33052B9E237A805A00A3541B /* Release */ = {
			isa = XCBuildConfiguration;
			buildSettings = {
				ALWAYS_SEARCH_USER_PATHS = NO;
				CLANG_ANALYZER_NONNULL = YES;
				CLANG_ANALYZER_NUMBER_OBJECT_CONVERSION = YES_AGGRESSIVE;
				CLANG_CXX_LANGUAGE_STANDARD = "gnu++14";
				CLANG_CXX_LIBRARY = "libc++";
				CLANG_ENABLE_MODULES = YES;
				CLANG_ENABLE_OBJC_ARC = YES;
				CLANG_ENABLE_OBJC_WEAK = YES;
				CLANG_WARN_BLOCK_CAPTURE_AUTORELEASING = YES;
				CLANG_WARN_BOOL_CONVERSION = YES;
				CLANG_WARN_COMMA = YES;
				CLANG_WARN_CONSTANT_CONVERSION = YES;
				CLANG_WARN_DEPRECATED_OBJC_IMPLEMENTATIONS = YES;
				CLANG_WARN_DIRECT_OBJC_ISA_USAGE = YES_ERROR;
				CLANG_WARN_DOCUMENTATION_COMMENTS = YES;
				CLANG_WARN_EMPTY_BODY = YES;
				CLANG_WARN_ENUM_CONVERSION = YES;
				CLANG_WARN_INFINITE_RECURSION = YES;
				CLANG_WARN_INT_CONVERSION = YES;
				CLANG_WARN_NON_LITERAL_NULL_CONVERSION = YES;
				CLANG_WARN_OBJC_IMPLICIT_RETAIN_SELF = YES;
				CLANG_WARN_OBJC_LITERAL_CONVERSION = YES;
				CLANG_WARN_OBJC_ROOT_CLASS = YES_ERROR;
				CLANG_WARN_RANGE_LOOP_ANALYSIS = YES;
				CLANG_WARN_STRICT_PROTOTYPES = YES;
				CLANG_WARN_SUSPICIOUS_MOVE = YES;
				CLANG_WARN_UNGUARDED_AVAILABILITY = YES_AGGRESSIVE;
				CLANG_WARN_UNREACHABLE_CODE = YES;
				CLANG_WARN__DUPLICATE_METHOD_MATCH = YES;
				COPY_PHASE_STRIP = NO;
				DEBUG_INFORMATION_FORMAT = "dwarf-with-dsym";
				ENABLE_NS_ASSERTIONS = NO;
				ENABLE_STRICT_OBJC_MSGSEND = YES;
				GCC_C_LANGUAGE_STANDARD = gnu11;
				GCC_NO_COMMON_BLOCKS = YES;
				GCC_WARN_64_TO_32_BIT_CONVERSION = YES;
				GCC_WARN_ABOUT_RETURN_TYPE = YES_ERROR;
				GCC_WARN_UNDECLARED_SELECTOR = YES;
				GCC_WARN_UNINITIALIZED_AUTOS = YES_AGGRESSIVE;
				GCC_WARN_UNUSED_FUNCTION = YES;
				GCC_WARN_UNUSED_VARIABLE = YES;
				IPHONEOS_DEPLOYMENT_TARGET = 13.2;
				MTL_ENABLE_DEBUG_INFO = NO;
				MTL_FAST_MATH = YES;
				SDKROOT = iphoneos;
				SWIFT_COMPILATION_MODE = wholemodule;
				SWIFT_OPTIMIZATION_LEVEL = "-O";
				VALIDATE_PRODUCT = YES;
			};
			name = Release;
		};
		33052BA0237A805A00A3541B /* Debug */ = {
			isa = XCBuildConfiguration;
			buildSettings = {
				ASSETCATALOG_COMPILER_APPICON_NAME = AppIcon;
				CODE_SIGN_STYLE = Automatic;
				DEVELOPMENT_ASSET_PATHS = "\"SwiftUI_StarBux/Preview Content\"";
				DEVELOPMENT_TEAM = 9RZ227D96G;
				ENABLE_PREVIEWS = YES;
				INFOPLIST_FILE = SwiftUI_StarBux/Info.plist;
				LD_RUNPATH_SEARCH_PATHS = (
					"$(inherited)",
					"@executable_path/Frameworks",
				);
				PRODUCT_BUNDLE_IDENTIFIER = "com.bigmsg-SwiftUI-noDo.SwiftUI-StarBux";
				PRODUCT_NAME = "$(TARGET_NAME)";
				SWIFT_VERSION = 5.0;
				TARGETED_DEVICE_FAMILY = "1,2";
			};
			name = Debug;
		};
		33052BA1237A805A00A3541B /* Release */ = {
			isa = XCBuildConfiguration;
			buildSettings = {
				ASSETCATALOG_COMPILER_APPICON_NAME = AppIcon;
				CODE_SIGN_STYLE = Automatic;
				DEVELOPMENT_ASSET_PATHS = "\"SwiftUI_StarBux/Preview Content\"";
				DEVELOPMENT_TEAM = 9RZ227D96G;
				ENABLE_PREVIEWS = YES;
				INFOPLIST_FILE = SwiftUI_StarBux/Info.plist;
				LD_RUNPATH_SEARCH_PATHS = (
					"$(inherited)",
					"@executable_path/Frameworks",
				);
				PRODUCT_BUNDLE_IDENTIFIER = "com.bigmsg-SwiftUI-noDo.SwiftUI-StarBux";
				PRODUCT_NAME = "$(TARGET_NAME)";
				SWIFT_VERSION = 5.0;
				TARGETED_DEVICE_FAMILY = "1,2";
			};
			name = Release;
		};
/* End XCBuildConfiguration section */

/* Begin XCConfigurationList section */
		33052B86237A805900A3541B /* Build configuration list for PBXProject "SwiftUI_StarBux" */ = {
			isa = XCConfigurationList;
			buildConfigurations = (
				33052B9D237A805A00A3541B /* Debug */,
				33052B9E237A805A00A3541B /* Release */,
			);
			defaultConfigurationIsVisible = 0;
			defaultConfigurationName = Release;
		};
		33052B9F237A805A00A3541B /* Build configuration list for PBXNativeTarget "SwiftUI_StarBux" */ = {
			isa = XCConfigurationList;
			buildConfigurations = (
				33052BA0237A805A00A3541B /* Debug */,
				33052BA1237A805A00A3541B /* Release */,
			);
			defaultConfigurationIsVisible = 0;
			defaultConfigurationName = Release;
		};
/* End XCConfigurationList section */
	};
	rootObject = 33052B83237A805900A3541B /* Project object */;
}
